{
  "sources": {
    "fiddler": {
      "path": "."
    },
    "dotnetframework": {
      "locked_version": "0.1.0",
      "git": "git://github.com/daptiv/dotnetframework.git",
      "ref": "96fb107519915117db4d545c9f3924087948c178"
    },
    "minitest-handler": {
      "locked_version": "1.1.4"
    },
    "windows": {
      "locked_version": "1.30.1",
      "git": "git://github.com/daptiv/windows.git",
      "ref": "d13c4e49dda627691e978ca1beebad3411701adb"
    },
    "chef_handler": {
      "locked_version": "1.1.4"
    }
  }
}
